// !$*UTF8*$!
{
	archiveVersion = 1;
	classes = {
	};
	objectVersion = 56;
	objects = {

/* Begin PBXBuildFile section */
		9B052ED9298DF4ED00FB420D /* clap.wav in Resources */ = {isa = PBXBuildFile; fileRef = 9B052ED8298DF4ED00FB420D /* clap.wav */; };
		9B7377C7298B673C009711AB /* AppDelegate.swift in Sources */ = {isa = PBXBuildFile; fileRef = 9B7377C6298B673C009711AB /* AppDelegate.swift */; };
		9B7377C9298B673C009711AB /* SceneDelegate.swift in Sources */ = {isa = PBXBuildFile; fileRef = 9B7377C8298B673C009711AB /* SceneDelegate.swift */; };
		9B7377CB298B673C009711AB /* ViewController.swift in Sources */ = {isa = PBXBuildFile; fileRef = 9B7377CA298B673C009711AB /* ViewController.swift */; };
		9B7377CE298B673C009711AB /* Main.storyboard in Resources */ = {isa = PBXBuildFile; fileRef = 9B7377CC298B673C009711AB /* Main.storyboard */; };
		9B7377D0298B673D009711AB /* Assets.xcassets in Resources */ = {isa = PBXBuildFile; fileRef = 9B7377CF298B673D009711AB /* Assets.xcassets */; };
		9B7377D3298B673D009711AB /* LaunchScreen.storyboard in Resources */ = {isa = PBXBuildFile; fileRef = 9B7377D1298B673D009711AB /* LaunchScreen.storyboard */; };
		9B7377DE298B673D009711AB /* Assignment3Tests.swift in Sources */ = {isa = PBXBuildFile; fileRef = 9B7377DD298B673D009711AB /* Assignment3Tests.swift */; };
		9B7377E8298B673D009711AB /* Assignment3UITests.swift in Sources */ = {isa = PBXBuildFile; fileRef = 9B7377E7298B673D009711AB /* Assignment3UITests.swift */; };
		9B7377EA298B673D009711AB /* Assignment3UITestsLaunchTests.swift in Sources */ = {isa = PBXBuildFile; fileRef = 9B7377E9298B673D009711AB /* Assignment3UITestsLaunchTests.swift */; };
/* End PBXBuildFile section */

/* Begin PBXContainerItemProxy section */
		9B7377DA298B673D009711AB /* PBXContainerItemProxy */ = {
			isa = PBXContainerItemProxy;
			containerPortal = 9B7377BB298B673C009711AB /* Project object */;
			proxyType = 1;
			remoteGlobalIDString = 9B7377C2298B673C009711AB;
			remoteInfo = Assignment3;
		};
		9B7377E4298B673D009711AB /* PBXContainerItemProxy */ = {
			isa = PBXContainerItemProxy;
			containerPortal = 9B7377BB298B673C009711AB /* Project object */;
			proxyType = 1;
			remoteGlobalIDString = 9B7377C2298B673C009711AB;
			remoteInfo = Assignment3;
		};
/* End PBXContainerItemProxy section */

/* Begin PBXFileReference section */
		9B052ED8298DF4ED00FB420D /* clap.wav */ = {isa = PBXFileReference; lastKnownFileType = audio.wav; name = clap.wav; path = ../../../clap.wav; sourceTree = "<group>"; };
		9B7377C3298B673C009711AB /* Assignment3.app */ = {isa = PBXFileReference; explicitFileType = wrapper.application; includeInIndex = 0; path = Assignment3.app; sourceTree = BUILT_PRODUCTS_DIR; };
		9B7377C6298B673C009711AB /* AppDelegate.swift */ = {isa = PBXFileReference; lastKnownFileType = sourcecode.swift; path = AppDelegate.swift; sourceTree = "<group>"; };
		9B7377C8298B673C009711AB /* SceneDelegate.swift */ = {isa = PBXFileReference; lastKnownFileType = sourcecode.swift; path = SceneDelegate.swift; sourceTree = "<group>"; };
		9B7377CA298B673C009711AB /* ViewController.swift */ = {isa = PBXFileReference; lastKnownFileType = sourcecode.swift; path = ViewController.swift; sourceTree = "<group>"; };
		9B7377CD298B673C009711AB /* Base */ = {isa = PBXFileReference; lastKnownFileType = file.storyboard; name = Base; path = Base.lproj/Main.storyboard; sourceTree = "<group>"; };
		9B7377CF298B673D009711AB /* Assets.xcassets */ = {isa = PBXFileReference; lastKnownFileType = folder.assetcatalog; path = Assets.xcassets; sourceTree = "<group>"; };
		9B7377D2298B673D009711AB /* Base */ = {isa = PBXFileReference; lastKnownFileType = file.storyboard; name = Base; path = Base.lproj/LaunchScreen.storyboard; sourceTree = "<group>"; };
		9B7377D4298B673D009711AB /* Info.plist */ = {isa = PBXFileReference; lastKnownFileType = text.plist.xml; path = Info.plist; sourceTree = "<group>"; };
		9B7377D9298B673D009711AB /* Assignment3Tests.xctest */ = {isa = PBXFileReference; explicitFileType = wrapper.cfbundle; includeInIndex = 0; path = Assignment3Tests.xctest; sourceTree = BUILT_PRODUCTS_DIR; };
		9B7377DD298B673D009711AB /* Assignment3Tests.swift */ = {isa = PBXFileReference; lastKnownFileType = sourcecode.swift; path = Assignment3Tests.swift; sourceTree = "<group>"; };
		9B7377E3298B673D009711AB /* Assignment3UITests.xctest */ = {isa = PBXFileReference; explicitFileType = wrapper.cfbundle; includeInIndex = 0; path = Assignment3UITests.xctest; sourceTree = BUILT_PRODUCTS_DIR; };
		9B7377E7298B673D009711AB /* Assignment3UITests.swift */ = {isa = PBXFileReference; lastKnownFileType = sourcecode.swift; path = Assignment3UITests.swift; sourceTree = "<group>"; };
		9B7377E9298B673D009711AB /* Assignment3UITestsLaunchTests.swift */ = {isa = PBXFileReference; lastKnownFileType = sourcecode.swift; path = Assignment3UITestsLaunchTests.swift; sourceTree = "<group>"; };
/* End PBXFileReference section */

/* Begin PBXFrameworksBuildPhase section */
		9B7377C0298B673C009711AB /* Frameworks */ = {
			isa = PBXFrameworksBuildPhase;
			buildActionMask = 2147483647;
			files = (
			);
			runOnlyForDeploymentPostprocessing = 0;
		};
		9B7377D6298B673D009711AB /* Frameworks */ = {
			isa = PBXFrameworksBuildPhase;
			buildActionMask = 2147483647;
			files = (
			);
			runOnlyForDeploymentPostprocessing = 0;
		};
		9B7377E0298B673D009711AB /* Frameworks */ = {
			isa = PBXFrameworksBuildPhase;
			buildActionMask = 2147483647;
			files = (
			);
			runOnlyForDeploymentPostprocessing = 0;
		};
/* End PBXFrameworksBuildPhase section */

/* Begin PBXGroup section */
		9B7377BA298B673C009711AB = {
			isa = PBXGroup;
			children = (
				9B7377C5298B673C009711AB /* Assignment3 */,
				9B7377DC298B673D009711AB /* Assignment3Tests */,
				9B7377E6298B673D009711AB /* Assignment3UITests */,
				9B7377C4298B673C009711AB /* Products */,
			);
			sourceTree = "<group>";
		};
		9B7377C4298B673C009711AB /* Products */ = {
			isa = PBXGroup;
			children = (
				9B7377C3298B673C009711AB /* Assignment3.app */,
				9B7377D9298B673D009711AB /* Assignment3Tests.xctest */,
				9B7377E3298B673D009711AB /* Assignment3UITests.xctest */,
			);
			name = Products;
			sourceTree = "<group>";
		};
		9B7377C5298B673C009711AB /* Assignment3 */ = {
			isa = PBXGroup;
			children = (
				9B7377C6298B673C009711AB /* AppDelegate.swift */,
				9B7377C8298B673C009711AB /* SceneDelegate.swift */,
				9B7377CA298B673C009711AB /* ViewController.swift */,
				9B7377CC298B673C009711AB /* Main.storyboard */,
				9B7377CF298B673D009711AB /* Assets.xcassets */,
				9B052ED8298DF4ED00FB420D /* clap.wav */,
				9B7377D1298B673D009711AB /* LaunchScreen.storyboard */,
				9B7377D4298B673D009711AB /* Info.plist */,
			);
			path = Assignment3;
			sourceTree = "<group>";
		};
		9B7377DC298B673D009711AB /* Assignment3Tests */ = {
			isa = PBXGroup;
			children = (
				9B7377DD298B673D009711AB /* Assignment3Tests.swift */,
			);
			path = Assignment3Tests;
			sourceTree = "<group>";
		};
		9B7377E6298B673D009711AB /* Assignment3UITests */ = {
			isa = PBXGroup;
			children = (
				9B7377E7298B673D009711AB /* Assignment3UITests.swift */,
				9B7377E9298B673D009711AB /* Assignment3UITestsLaunchTests.swift */,
			);
			path = Assignment3UITests;
			sourceTree = "<group>";
		};
/* End PBXGroup section */

/* Begin PBXNativeTarget section */
		9B7377C2298B673C009711AB /* Assignment3 */ = {
			isa = PBXNativeTarget;
			buildConfigurationList = 9B7377ED298B673D009711AB /* Build configuration list for PBXNativeTarget "Assignment3" */;
			buildPhases = (
				9B7377BF298B673C009711AB /* Sources */,
				9B7377C0298B673C009711AB /* Frameworks */,
				9B7377C1298B673C009711AB /* Resources */,
			);
			buildRules = (
			);
			dependencies = (
			);
			name = Assignment3;
			productName = Assignment3;
			productReference = 9B7377C3298B673C009711AB /* Assignment3.app */;
			productType = "com.apple.product-type.application";
		};
		9B7377D8298B673D009711AB /* Assignment3Tests */ = {
			isa = PBXNativeTarget;
			buildConfigurationList = 9B7377F0298B673D009711AB /* Build configuration list for PBXNativeTarget "Assignment3Tests" */;
			buildPhases = (
				9B7377D5298B673D009711AB /* Sources */,
				9B7377D6298B673D009711AB /* Frameworks */,
				9B7377D7298B673D009711AB /* Resources */,
			);
			buildRules = (
			);
			dependencies = (
				9B7377DB298B673D009711AB /* PBXTargetDependency */,
			);
			name = Assignment3Tests;
			productName = Assignment3Tests;
			productReference = 9B7377D9298B673D009711AB /* Assignment3Tests.xctest */;
			productType = "com.apple.product-type.bundle.unit-test";
		};
		9B7377E2298B673D009711AB /* Assignment3UITests */ = {
			isa = PBXNativeTarget;
			buildConfigurationList = 9B7377F3298B673D009711AB /* Build configuration list for PBXNativeTarget "Assignment3UITests" */;
			buildPhases = (
				9B7377DF298B673D009711AB /* Sources */,
				9B7377E0298B673D009711AB /* Frameworks */,
				9B7377E1298B673D009711AB /* Resources */,
			);
			buildRules = (
			);
			dependencies = (
				9B7377E5298B673D009711AB /* PBXTargetDependency */,
			);
			name = Assignment3UITests;
			productName = Assignment3UITests;
			productReference = 9B7377E3298B673D009711AB /* Assignment3UITests.xctest */;
			productType = "com.apple.product-type.bundle.ui-testing";
		};
/* End PBXNativeTarget section */

/* Begin PBXProject section */
		9B7377BB298B673C009711AB /* Project object */ = {
			isa = PBXProject;
			attributes = {
				BuildIndependentTargetsInParallel = 1;
				LastSwiftUpdateCheck = 1420;
				LastUpgradeCheck = 1420;
				TargetAttributes = {
					9B7377C2298B673C009711AB = {
						CreatedOnToolsVersion = 14.2;
					};
					9B7377D8298B673D009711AB = {
						CreatedOnToolsVersion = 14.2;
						TestTargetID = 9B7377C2298B673C009711AB;
					};
					9B7377E2298B673D009711AB = {
						CreatedOnToolsVersion = 14.2;
						TestTargetID = 9B7377C2298B673C009711AB;
					};
				};
			};
			buildConfigurationList = 9B7377BE298B673C009711AB /* Build configuration list for PBXProject "Assignment3" */;
			compatibilityVersion = "Xcode 14.0";
			developmentRegion = en;
			hasScannedForEncodings = 0;
			knownRegions = (
				en,
				Base,
			);
			mainGroup = 9B7377BA298B673C009711AB;
			productRefGroup = 9B7377C4298B673C009711AB /* Products */;
			projectDirPath = "";
			projectRoot = "";
			targets = (
				9B7377C2298B673C009711AB /* Assignment3 */,
				9B7377D8298B673D009711AB /* Assignment3Tests */,
				9B7377E2298B673D009711AB /* Assignment3UITests */,
			);
		};
/* End PBXProject section */

/* Begin PBXResourcesBuildPhase section */
		9B7377C1298B673C009711AB /* Resources */ = {
			isa = PBXResourcesBuildPhase;
			buildActionMask = 2147483647;
			files = (
				9B052ED9298DF4ED00FB420D /* clap.wav in Resources */,
				9B7377D3298B673D009711AB /* LaunchScreen.storyboard in Resources */,
				9B7377D0298B673D009711AB /* Assets.xcassets in Resources */,
				9B7377CE298B673C009711AB /* Main.storyboard in Resources */,
			);
			runOnlyForDeploymentPostprocessing = 0;
		};
		9B7377D7298B673D009711AB /* Resources */ = {
			isa = PBXResourcesBuildPhase;
			buildActionMask = 2147483647;
			files = (
			);
			runOnlyForDeploymentPostprocessing = 0;
		};
		9B7377E1298B673D009711AB /* Resources */ = {
			isa = PBXResourcesBuildPhase;
			buildActionMask = 2147483647;
			files = (
			);
			runOnlyForDeploymentPostprocessing = 0;
		};
/* End PBXResourcesBuildPhase section */

/* Begin PBXSourcesBuildPhase section */
		9B7377BF298B673C009711AB /* Sources */ = {
			isa = PBXSourcesBuildPhase;
			buildActionMask = 2147483647;
			files = (
				9B7377CB298B673C009711AB /* ViewController.swift in Sources */,
				9B7377C7298B673C009711AB /* AppDelegate.swift in Sources */,
				9B7377C9298B673C009711AB /* SceneDelegate.swift in Sources */,
			);
			runOnlyForDeploymentPostprocessing = 0;
		};
		9B7377D5298B673D009711AB /* Sources */ = {
			isa = PBXSourcesBuildPhase;
			buildActionMask = 2147483647;
			files = (
				9B7377DE298B673D009711AB /* Assignment3Tests.swift in Sources */,
			);
			runOnlyForDeploymentPostprocessing = 0;
		};
		9B7377DF298B673D009711AB /* Sources */ = {
			isa = PBXSourcesBuildPhase;
			buildActionMask = 2147483647;
			files = (
				9B7377E8298B673D009711AB /* Assignment3UITests.swift in Sources */,
				9B7377EA298B673D009711AB /* Assignment3UITestsLaunchTests.swift in Sources */,
			);
			runOnlyForDeploymentPostprocessing = 0;
		};
/* End PBXSourcesBuildPhase section */

/* Begin PBXTargetDependency section */
		9B7377DB298B673D009711AB /* PBXTargetDependency */ = {
			isa = PBXTargetDependency;
			target = 9B7377C2298B673C009711AB /* Assignment3 */;
			targetProxy = 9B7377DA298B673D009711AB /* PBXContainerItemProxy */;
		};
		9B7377E5298B673D009711AB /* PBXTargetDependency */ = {
			isa = PBXTargetDependency;
			target = 9B7377C2298B673C009711AB /* Assignment3 */;
			targetProxy = 9B7377E4298B673D009711AB /* PBXContainerItemProxy */;
		};
/* End PBXTargetDependency section */

/* Begin PBXVariantGroup section */
		9B7377CC298B673C009711AB /* Main.storyboard */ = {
			isa = PBXVariantGroup;
			children = (
				9B7377CD298B673C009711AB /* Base */,
			);
			name = Main.storyboard;
			sourceTree = "<group>";
		};
		9B7377D1298B673D009711AB /* LaunchScreen.storyboard */ = {
			isa = PBXVariantGroup;
			children = (
				9B7377D2298B673D009711AB /* Base */,
			);
			name = LaunchScreen.storyboard;
			sourceTree = "<group>";
		};
/* End PBXVariantGroup section */

/* Begin XCBuildConfiguration section */
		9B7377EB298B673D009711AB /* Debug */ = {
			isa = XCBuildConfiguration;
			buildSettings = {
				ALWAYS_SEARCH_USER_PATHS = NO;
				CLANG_ANALYZER_NONNULL = YES;
				CLANG_ANALYZER_NUMBER_OBJECT_CONVERSION = YES_AGGRESSIVE;
				CLANG_CXX_LANGUAGE_STANDARD = "gnu++20";
				CLANG_ENABLE_MODULES = YES;
				CLANG_ENABLE_OBJC_ARC = YES;
				CLANG_ENABLE_OBJC_WEAK = YES;
				CLANG_WARN_BLOCK_CAPTURE_AUTORELEASING = YES;
				CLANG_WARN_BOOL_CONVERSION = YES;
				CLANG_WARN_COMMA = YES;
				CLANG_WARN_CONSTANT_CONVERSION = YES;
				CLANG_WARN_DEPRECATED_OBJC_IMPLEMENTATIONS = YES;
				CLANG_WARN_DIRECT_OBJC_ISA_USAGE = YES_ERROR;
				CLANG_WARN_DOCUMENTATION_COMMENTS = YES;
				CLANG_WARN_EMPTY_BODY = YES;
				CLANG_WARN_ENUM_CONVERSION = YES;
				CLANG_WARN_INFINITE_RECURSION = YES;
				CLANG_WARN_INT_CONVERSION = YES;
				CLANG_WARN_NON_LITERAL_NULL_CONVERSION = YES;
				CLANG_WARN_OBJC_IMPLICIT_RETAIN_SELF = YES;
				CLANG_WARN_OBJC_LITERAL_CONVERSION = YES;
				CLANG_WARN_OBJC_ROOT_CLASS = YES_ERROR;
				CLANG_WARN_QUOTED_INCLUDE_IN_FRAMEWORK_HEADER = YES;
				CLANG_WARN_RANGE_LOOP_ANALYSIS = YES;
				CLANG_WARN_STRICT_PROTOTYPES = YES;
				CLANG_WARN_SUSPICIOUS_MOVE = YES;
				CLANG_WARN_UNGUARDED_AVAILABILITY = YES_AGGRESSIVE;
				CLANG_WARN_UNREACHABLE_CODE = YES;
				CLANG_WARN__DUPLICATE_METHOD_MATCH = YES;
				COPY_PHASE_STRIP = NO;
				DEBUG_INFORMATION_FORMAT = dwarf;
				ENABLE_STRICT_OBJC_MSGSEND = YES;
				ENABLE_TESTABILITY = YES;
				GCC_C_LANGUAGE_STANDARD = gnu11;
				GCC_DYNAMIC_NO_PIC = NO;
				GCC_NO_COMMON_BLOCKS = YES;
				GCC_OPTIMIZATION_LEVEL = 0;
				GCC_PREPROCESSOR_DEFINITIONS = (
					"DEBUG=1",
					"$(inherited)",
				);
				GCC_WARN_64_TO_32_BIT_CONVERSION = YES;
				GCC_WARN_ABOUT_RETURN_TYPE = YES_ERROR;
				GCC_WARN_UNDECLARED_SELECTOR = YES;
				GCC_WARN_UNINITIALIZED_AUTOS = YES_AGGRESSIVE;
				GCC_WARN_UNUSED_FUNCTION = YES;
				GCC_WARN_UNUSED_VARIABLE = YES;
				IPHONEOS_DEPLOYMENT_TARGET = 16.2;
				MTL_ENABLE_DEBUG_INFO = INCLUDE_SOURCE;
				MTL_FAST_MATH = YES;
				ONLY_ACTIVE_ARCH = YES;
				SDKROOT = iphoneos;
				SWIFT_ACTIVE_COMPILATION_CONDITIONS = DEBUG;
				SWIFT_OPTIMIZATION_LEVEL = "-Onone";
			};
			name = Debug;
		};
		9B7377EC298B673D009711AB /* Release */ = {
			isa = XCBuildConfiguration;
			buildSettings = {
				ALWAYS_SEARCH_USER_PATHS = NO;
				CLANG_ANALYZER_NONNULL = YES;
				CLANG_ANALYZER_NUMBER_OBJECT_CONVERSION = YES_AGGRESSIVE;
				CLANG_CXX_LANGUAGE_STANDARD = "gnu++20";
				CLANG_ENABLE_MODULES = YES;
				CLANG_ENABLE_OBJC_ARC = YES;
				CLANG_ENABLE_OBJC_WEAK = YES;
				CLANG_WARN_BLOCK_CAPTURE_AUTORELEASING = YES;
				CLANG_WARN_BOOL_CONVERSION = YES;
				CLANG_WARN_COMMA = YES;
				CLANG_WARN_CONSTANT_CONVERSION = YES;
				CLANG_WARN_DEPRECATED_OBJC_IMPLEMENTATIONS = YES;
				CLANG_WARN_DIRECT_OBJC_ISA_USAGE = YES_ERROR;
				CLANG_WARN_DOCUMENTATION_COMMENTS = YES;
				CLANG_WARN_EMPTY_BODY = YES;
				CLANG_WARN_ENUM_CONVERSION = YES;
				CLANG_WARN_INFINITE_RECURSION = YES;
				CLANG_WARN_INT_CONVERSION = YES;
				CLANG_WARN_NON_LITERAL_NULL_CONVERSION = YES;
				CLANG_WARN_OBJC_IMPLICIT_RETAIN_SELF = YES;
				CLANG_WARN_OBJC_LITERAL_CONVERSION = YES;
				CLANG_WARN_OBJC_ROOT_CLASS = YES_ERROR;
				CLANG_WARN_QUOTED_INCLUDE_IN_FRAMEWORK_HEADER = YES;
				CLANG_WARN_RANGE_LOOP_ANALYSIS = YES;
				CLANG_WARN_STRICT_PROTOTYPES = YES;
				CLANG_WARN_SUSPICIOUS_MOVE = YES;
				CLANG_WARN_UNGUARDED_AVAILABILITY = YES_AGGRESSIVE;
				CLANG_WARN_UNREACHABLE_CODE = YES;
				CLANG_WARN__DUPLICATE_METHOD_MATCH = YES;
				COPY_PHASE_STRIP = NO;
				DEBUG_INFORMATION_FORMAT = "dwarf-with-dsym";
				ENABLE_NS_ASSERTIONS = NO;
				ENABLE_STRICT_OBJC_MSGSEND = YES;
				GCC_C_LANGUAGE_STANDARD = gnu11;
				GCC_NO_COMMON_BLOCKS = YES;
				GCC_WARN_64_TO_32_BIT_CONVERSION = YES;
				GCC_WARN_ABOUT_RETURN_TYPE = YES_ERROR;
				GCC_WARN_UNDECLARED_SELECTOR = YES;
				GCC_WARN_UNINITIALIZED_AUTOS = YES_AGGRESSIVE;
				GCC_WARN_UNUSED_FUNCTION = YES;
				GCC_WARN_UNUSED_VARIABLE = YES;
				IPHONEOS_DEPLOYMENT_TARGET = 16.2;
				MTL_ENABLE_DEBUG_INFO = NO;
				MTL_FAST_MATH = YES;
				SDKROOT = iphoneos;
				SWIFT_COMPILATION_MODE = wholemodule;
				SWIFT_OPTIMIZATION_LEVEL = "-O";
				VALIDATE_PRODUCT = YES;
			};
			name = Release;
		};
		9B7377EE298B673D009711AB /* Debug */ = {
			isa = XCBuildConfiguration;
			buildSettings = {
				ASSETCATALOG_COMPILER_APPICON_NAME = AppIcon;
				ASSETCATALOG_COMPILER_GLOBAL_ACCENT_COLOR_NAME = AccentColor;
				CODE_SIGN_STYLE = Automatic;
				CURRENT_PROJECT_VERSION = 1;
				GENERATE_INFOPLIST_FILE = YES;
				INFOPLIST_FILE = Assignment3/Info.plist;
				INFOPLIST_KEY_UIApplicationSupportsIndirectInputEvents = YES;
				INFOPLIST_KEY_UILaunchStoryboardName = LaunchScreen;
				INFOPLIST_KEY_UIMainStoryboardFile = Main;
				INFOPLIST_KEY_UISupportedInterfaceOrientations = "UIInterfaceOrientationLandscapeLeft UIInterfaceOrientationLandscapeRight UIInterfaceOrientationPortrait UIInterfaceOrientationPortraitUpsideDown";
				LD_RUNPATH_SEARCH_PATHS = (
					"$(inherited)",
					"@executable_path/Frameworks",
				);
				MARKETING_VERSION = 1.0;
				PRODUCT_BUNDLE_IDENTIFIER = AUCS.Assignment3;
				PRODUCT_NAME = "$(TARGET_NAME)";
				SWIFT_EMIT_LOC_STRINGS = YES;
				SWIFT_VERSION = 5.0;
				TARGETED_DEVICE_FAMILY = "1,2";
			};
			name = Debug;
		};
		9B7377EF298B673D009711AB /* Release */ = {
			isa = XCBuildConfiguration;
			buildSettings = {
				ASSETCATALOG_COMPILER_APPICON_NAME = AppIcon;
				ASSETCATALOG_COMPILER_GLOBAL_ACCENT_COLOR_NAME = AccentColor;
				CODE_SIGN_STYLE = Automatic;
				CURRENT_PROJECT_VERSION = 1;
				GENERATE_INFOPLIST_FILE = YES;
				INFOPLIST_FILE = Assignment3/Info.plist;
				INFOPLIST_KEY_UIApplicationSupportsIndirectInputEvents = YES;
				INFOPLIST_KEY_UILaunchStoryboardName = LaunchScreen;
				INFOPLIST_KEY_UIMainStoryboardFile = Main;
				INFOPLIST_KEY_UISupportedInterfaceOrientations = "UIInterfaceOrientationLandscapeLeft UIInterfaceOrientationLandscapeRight UIInterfaceOrientationPortrait UIInterfaceOrientationPortraitUpsideDown";
				LD_RUNPATH_SEARCH_PATHS = (
					"$(inherited)",
					"@executable_path/Frameworks",
				);
				MARKETING_VERSION = 1.0;
				PRODUCT_BUNDLE_IDENTIFIER = AUCS.Assignment3;
				PRODUCT_NAME = "$(TARGET_NAME)";
				SWIFT_EMIT_LOC_STRINGS = YES;
				SWIFT_VERSION = 5.0;
				TARGETED_DEVICE_FAMILY = "1,2";
			};
			name = Release;
		};
		9B7377F1298B673D009711AB /* Debug */ = {
			isa = XCBuildConfiguration;
			buildSettings = {
				ALWAYS_EMBED_SWIFT_STANDARD_LIBRARIES = YES;
				BUNDLE_LOADER = "$(TEST_HOST)";
				CODE_SIGN_STYLE = Automatic;
				CURRENT_PROJECT_VERSION = 1;
				GENERATE_INFOPLIST_FILE = YES;
				IPHONEOS_DEPLOYMENT_TARGET = 16.2;
				MARKETING_VERSION = 1.0;
				PRODUCT_BUNDLE_IDENTIFIER = AUCS.Assignment3Tests;
				PRODUCT_NAME = "$(TARGET_NAME)";
				SWIFT_EMIT_LOC_STRINGS = NO;
				SWIFT_VERSION = 5.0;
				TARGETED_DEVICE_FAMILY = "1,2";
				TEST_HOST = "$(BUILT_PRODUCTS_DIR)/Assignment3.app/$(BUNDLE_EXECUTABLE_FOLDER_PATH)/Assignment3";
			};
			name = Debug;
		};
		9B7377F2298B673D009711AB /* Release */ = {
			isa = XCBuildConfiguration;
			buildSettings = {
				ALWAYS_EMBED_SWIFT_STANDARD_LIBRARIES = YES;
				BUNDLE_LOADER = "$(TEST_HOST)";
				CODE_SIGN_STYLE = Automatic;
				CURRENT_PROJECT_VERSION = 1;
				GENERATE_INFOPLIST_FILE = YES;
				IPHONEOS_DEPLOYMENT_TARGET = 16.2;
				MARKETING_VERSION = 1.0;
				PRODUCT_BUNDLE_IDENTIFIER = AUCS.Assignment3Tests;
				PRODUCT_NAME = "$(TARGET_NAME)";
				SWIFT_EMIT_LOC_STRINGS = NO;
				SWIFT_VERSION = 5.0;
				TARGETED_DEVICE_FAMILY = "1,2";
				TEST_HOST = "$(BUILT_PRODUCTS_DIR)/Assignment3.app/$(BUNDLE_EXECUTABLE_FOLDER_PATH)/Assignment3";
			};
			name = Release;
		};
		9B7377F4298B673D009711AB /* Debug */ = {
			isa = XCBuildConfiguration;
			buildSettings = {
				ALWAYS_EMBED_SWIFT_STANDARD_LIBRARIES = YES;
				CODE_SIGN_STYLE = Automatic;
				CURRENT_PROJECT_VERSION = 1;
				GENERATE_INFOPLIST_FILE = YES;
				MARKETING_VERSION = 1.0;
				PRODUCT_BUNDLE_IDENTIFIER = AUCS.Assignment3UITests;
				PRODUCT_NAME = "$(TARGET_NAME)";
				SWIFT_EMIT_LOC_STRINGS = NO;
				SWIFT_VERSION = 5.0;
				TARGETED_DEVICE_FAMILY = "1,2";
				TEST_TARGET_NAME = Assignment3;
			};
			name = Debug;
		};
		9B7377F5298B673D009711AB /* Release */ = {
			isa = XCBuildConfiguration;
			buildSettings = {
				ALWAYS_EMBED_SWIFT_STANDARD_LIBRARIES = YES;
				CODE_SIGN_STYLE = Automatic;
				CURRENT_PROJECT_VERSION = 1;
				GENERATE_INFOPLIST_FILE = YES;
				MARKETING_VERSION = 1.0;
				PRODUCT_BUNDLE_IDENTIFIER = AUCS.Assignment3UITests;
				PRODUCT_NAME = "$(TARGET_NAME)";
				SWIFT_EMIT_LOC_STRINGS = NO;
				SWIFT_VERSION = 5.0;
				TARGETED_DEVICE_FAMILY = "1,2";
				TEST_TARGET_NAME = Assignment3;
			};
			name = Release;
		};
/* End XCBuildConfiguration section */

/* Begin XCConfigurationList section */
		9B7377BE298B673C009711AB /* Build configuration list for PBXProject "Assignment3" */ = {
			isa = XCConfigurationList;
			buildConfigurations = (
				9B7377EB298B673D009711AB /* Debug */,
				9B7377EC298B673D009711AB /* Release */,
			);
			defaultConfigurationIsVisible = 0;
			defaultConfigurationName = Release;
		};
		9B7377ED298B673D009711AB /* Build configuration list for PBXNativeTarget "Assignment3" */ = {
			isa = XCConfigurationList;
			buildConfigurations = (
				9B7377EE298B673D009711AB /* Debug */,
				9B7377EF298B673D009711AB /* Release */,
			);
			defaultConfigurationIsVisible = 0;
			defaultConfigurationName = Release;
		};
		9B7377F0298B673D009711AB /* Build configuration list for PBXNativeTarget "Assignment3Tests" */ = {
			isa = XCConfigurationList;
			buildConfigurations = (
				9B7377F1298B673D009711AB /* Debug */,
				9B7377F2298B673D009711AB /* Release */,
			);
			defaultConfigurationIsVisible = 0;
			defaultConfigurationName = Release;
		};
		9B7377F3298B673D009711AB /* Build configuration list for PBXNativeTarget "Assignment3UITests" */ = {
			isa = XCConfigurationList;
			buildConfigurations = (
				9B7377F4298B673D009711AB /* Debug */,
				9B7377F5298B673D009711AB /* Release */,
			);
			defaultConfigurationIsVisible = 0;
			defaultConfigurationName = Release;
		};
/* End XCConfigurationList section */
	};
	rootObject = 9B7377BB298B673C009711AB /* Project object */;
}
